
Microsoft Visual Studio Solution File, Format Version 12.00
Project("{FAE04EC0-301F-11D3-BF4B-00C04F79EFBC}") = "TicTacToe", "TicTacToe\TicTacToe.csproj", "{0E397A99-CDD8-400F-A0C0-DA38200F72E5}"
EndProject
Project("{FAE04EC0-301F-11D3-BF4B-00C04F79EFBC}") = "TicTacToeLib", "TicTacToeLib\TicTacToeLib.csproj", "{6ED8325B-A6BE-49CD-A291-150316E553DA}"
EndProject
Global
	GlobalSection(SolutionConfigurationPlatforms) = preSolution
		Debug|Any CPU = Debug|Any CPU
		Release|Any CPU = Release|Any CPU
	EndGlobalSection
	GlobalSection(ProjectConfigurationPlatforms) = postSolution
		{0E397A99-CDD8-400F-A0C0-DA38200F72E5}.Debug|Any CPU.ActiveCfg = Debug|Any CPU
		{0E397A99-CDD8-400F-A0C0-DA38200F72E5}.Debug|Any CPU.Build.0 = Debug|Any CPU
		{0E397A99-CDD8-400F-A0C0-DA38200F72E5}.Release|Any CPU.ActiveCfg = Release|Any CPU
		{0E397A99-CDD8-400F-A0C0-DA38200F72E5}.Release|Any CPU.Build.0 = Release|Any CPU
		{6ED8325B-A6BE-49CD-A291-150316E553DA}.Debug|Any CPU.ActiveCfg = Debug|Any CPU
		{6ED8325B-A6BE-49CD-A291-150316E553DA}.Debug|Any CPU.Build.0 = Debug|Any CPU
		{6ED8325B-A6BE-49CD-A291-150316E553DA}.Release|Any CPU.ActiveCfg = Release|Any CPU
		{6ED8325B-A6BE-49CD-A291-150316E553DA}.Release|Any CPU.Build.0 = Release|Any CPU
	EndGlobalSection
EndGlobal
